
Microsoft Visual Studio Solution File, Format Version 12.00
# Visual Studio 15
VisualStudioVersion = 15.0.28307.852
MinimumVisualStudioVersion = 10.0.40219.1
Project("{8BC9CEB8-8B4A-11D0-8D11-00A0C91BC942}") = "Nahajowski08", "Nahajowski08\Nahajowski08.vcxproj", "{E3B208F1-7313-4DBB-A5CD-A7CC5C21D770}"
EndProject
Global
	GlobalSection(SolutionConfigurationPlatforms) = preSolution
		Debug|x64 = Debug|x64
		Debug|x86 = Debug|x86
		Release|x64 = Release|x64
		Release|x86 = Release|x86
	EndGlobalSection
	GlobalSection(ProjectConfigurationPlatforms) = postSolution
		{E3B208F1-7313-4DBB-A5CD-A7CC5C21D770}.Debug|x64.ActiveCfg = Debug|x64
		{E3B208F1-7313-4DBB-A5CD-A7CC5C21D770}.Debug|x64.Build.0 = Debug|x64
		{E3B208F1-7313-4DBB-A5CD-A7CC5C21D770}.Debug|x86.ActiveCfg = Debug|Win32
		{E3B208F1-7313-4DBB-A5CD-A7CC5C21D770}.Debug|x86.Build.0 = Debug|Win32
		{E3B208F1-7313-4DBB-A5CD-A7CC5C21D770}.Release|x64.ActiveCfg = Release|x64
		{E3B208F1-7313-4DBB-A5CD-A7CC5C21D770}.Release|x64.Build.0 = Release|x64
		{E3B208F1-7313-4DBB-A5CD-A7CC5C21D770}.Release|x86.ActiveCfg = Release|Win32
		{E3B208F1-7313-4DBB-A5CD-A7CC5C21D770}.Release|x86.Build.0 = Release|Win32
	EndGlobalSection
	GlobalSection(SolutionProperties) = preSolution
		HideSolutionNode = FALSE
	EndGlobalSection
	GlobalSection(ExtensibilityGlobals) = postSolution
		SolutionGuid = {D7CADCED-59A2-4044-A396-AF0C65F4DD4D}
	EndGlobalSection
EndGlobal
